// !$*UTF8*$!
{
	archiveVersion = 1;
	classes = {
	};
	objectVersion = 46;
	objects = {

/* Begin PBXBuildFile section */
		42D682911E2230A900018F90 /* main.m in Sources */ = {isa = PBXBuildFile; fileRef = 42D682901E2230A900018F90 /* main.m */; };
		42D682941E2230A900018F90 /* AppDelegate.m in Sources */ = {isa = PBXBuildFile; fileRef = 42D682931E2230A900018F90 /* AppDelegate.m */; };
		42D682971E2230A900018F90 /* ViewController.m in Sources */ = {isa = PBXBuildFile; fileRef = 42D682961E2230A900018F90 /* ViewController.m */; };
		42D6829A1E2230A900018F90 /* Main.storyboard in Resources */ = {isa = PBXBuildFile; fileRef = 42D682981E2230A900018F90 /* Main.storyboard */; };
		42D6829D1E2230A900018F90 /* TTRuntimeDemo.xcdatamodeld in Sources */ = {isa = PBXBuildFile; fileRef = 42D6829B1E2230A900018F90 /* TTRuntimeDemo.xcdatamodeld */; };
		42D6829F1E2230A900018F90 /* Assets.xcassets in Resources */ = {isa = PBXBuildFile; fileRef = 42D6829E1E2230A900018F90 /* Assets.xcassets */; };
		42D682A21E2230A900018F90 /* LaunchScreen.storyboard in Resources */ = {isa = PBXBuildFile; fileRef = 42D682A01E2230A900018F90 /* LaunchScreen.storyboard */; };
		42D682AB1E22316B00018F90 /* Father.m in Sources */ = {isa = PBXBuildFile; fileRef = 42D682AA1E22316B00018F90 /* Father.m */; };
		42D682AE1E2254EE00018F90 /* Son.m in Sources */ = {isa = PBXBuildFile; fileRef = 42D682AD1E2254EE00018F90 /* Son.m */; };
/* End PBXBuildFile section */

/* Begin PBXFileReference section */
		42D6828C1E2230A900018F90 /* TTRuntimeDemo.app */ = {isa = PBXFileReference; explicitFileType = wrapper.application; includeInIndex = 0; path = TTRuntimeDemo.app; sourceTree = BUILT_PRODUCTS_DIR; };
		42D682901E2230A900018F90 /* main.m */ = {isa = PBXFileReference; lastKnownFileType = sourcecode.c.objc; path = main.m; sourceTree = "<group>"; };
		42D682921E2230A900018F90 /* AppDelegate.h */ = {isa = PBXFileReference; lastKnownFileType = sourcecode.c.h; path = AppDelegate.h; sourceTree = "<group>"; };
		42D682931E2230A900018F90 /* AppDelegate.m */ = {isa = PBXFileReference; lastKnownFileType = sourcecode.c.objc; path = AppDelegate.m; sourceTree = "<group>"; };
		42D682951E2230A900018F90 /* ViewController.h */ = {isa = PBXFileReference; lastKnownFileType = sourcecode.c.h; path = ViewController.h; sourceTree = "<group>"; };
		42D682961E2230A900018F90 /* ViewController.m */ = {isa = PBXFileReference; lastKnownFileType = sourcecode.c.objc; path = ViewController.m; sourceTree = "<group>"; };
		42D682991E2230A900018F90 /* Base */ = {isa = PBXFileReference; lastKnownFileType = file.storyboard; name = Base; path = Base.lproj/Main.storyboard; sourceTree = "<group>"; };
		42D6829C1E2230A900018F90 /* TTRuntimeDemo.xcdatamodel */ = {isa = PBXFileReference; lastKnownFileType = wrapper.xcdatamodel; path = TTRuntimeDemo.xcdatamodel; sourceTree = "<group>"; };
		42D6829E1E2230A900018F90 /* Assets.xcassets */ = {isa = PBXFileReference; lastKnownFileType = folder.assetcatalog; path = Assets.xcassets; sourceTree = "<group>"; };
		42D682A11E2230A900018F90 /* Base */ = {isa = PBXFileReference; lastKnownFileType = file.storyboard; name = Base; path = Base.lproj/LaunchScreen.storyboard; sourceTree = "<group>"; };
		42D682A31E2230A900018F90 /* Info.plist */ = {isa = PBXFileReference; lastKnownFileType = text.plist.xml; path = Info.plist; sourceTree = "<group>"; };
		42D682A91E22316B00018F90 /* Father.h */ = {isa = PBXFileReference; fileEncoding = 4; lastKnownFileType = sourcecode.c.h; path = Father.h; sourceTree = "<group>"; };
		42D682AA1E22316B00018F90 /* Father.m */ = {isa = PBXFileReference; fileEncoding = 4; lastKnownFileType = sourcecode.c.objc; path = Father.m; sourceTree = "<group>"; };
		42D682AC1E2254EE00018F90 /* Son.h */ = {isa = PBXFileReference; fileEncoding = 4; lastKnownFileType = sourcecode.c.h; path = Son.h; sourceTree = "<group>"; };
		42D682AD1E2254EE00018F90 /* Son.m */ = {isa = PBXFileReference; fileEncoding = 4; lastKnownFileType = sourcecode.c.objc; path = Son.m; sourceTree = "<group>"; };
/* End PBXFileReference section */

/* Begin PBXFrameworksBuildPhase section */
		42D682891E2230A900018F90 /* Frameworks */ = {
			isa = PBXFrameworksBuildPhase;
			buildActionMask = 2147483647;
			files = (
			);
			runOnlyForDeploymentPostprocessing = 0;
		};
/* End PBXFrameworksBuildPhase section */

/* Begin PBXGroup section */
		42D682831E2230A900018F90 = {
			isa = PBXGroup;
			children = (
				42D6828E1E2230A900018F90 /* TTRuntimeDemo */,
				42D6828D1E2230A900018F90 /* Products */,
			);
			sourceTree = "<group>";
		};
		42D6828D1E2230A900018F90 /* Products */ = {
			isa = PBXGroup;
			children = (
				42D6828C1E2230A900018F90 /* TTRuntimeDemo.app */,
			);
			name = Products;
			sourceTree = "<group>";
		};
		42D6828E1E2230A900018F90 /* TTRuntimeDemo */ = {
			isa = PBXGroup;
			children = (
				42D682921E2230A900018F90 /* AppDelegate.h */,
				42D682931E2230A900018F90 /* AppDelegate.m */,
				42D682951E2230A900018F90 /* ViewController.h */,
				42D682961E2230A900018F90 /* ViewController.m */,
				42D682A91E22316B00018F90 /* Father.h */,
				42D682AA1E22316B00018F90 /* Father.m */,
				42D682AC1E2254EE00018F90 /* Son.h */,
				42D682AD1E2254EE00018F90 /* Son.m */,
				42D682981E2230A900018F90 /* Main.storyboard */,
				42D6829E1E2230A900018F90 /* Assets.xcassets */,
				42D682A01E2230A900018F90 /* LaunchScreen.storyboard */,
				42D682A31E2230A900018F90 /* Info.plist */,
				42D6829B1E2230A900018F90 /* TTRuntimeDemo.xcdatamodeld */,
				42D6828F1E2230A900018F90 /* Supporting Files */,
			);
			path = TTRuntimeDemo;
			sourceTree = "<group>";
		};
		42D6828F1E2230A900018F90 /* Supporting Files */ = {
			isa = PBXGroup;
			children = (
				42D682901E2230A900018F90 /* main.m */,
			);
			name = "Supporting Files";
			sourceTree = "<group>";
		};
/* End PBXGroup section */

/* Begin PBXNativeTarget section */
		42D6828B1E2230A900018F90 /* TTRuntimeDemo */ = {
			isa = PBXNativeTarget;
			buildConfigurationList = 42D682A61E2230A900018F90 /* Build configuration list for PBXNativeTarget "TTRuntimeDemo" */;
			buildPhases = (
				42D682881E2230A900018F90 /* Sources */,
				42D682891E2230A900018F90 /* Frameworks */,
				42D6828A1E2230A900018F90 /* Resources */,
			);
			buildRules = (
			);
			dependencies = (
			);
			name = TTRuntimeDemo;
			productName = TTRuntimeDemo;
			productReference = 42D6828C1E2230A900018F90 /* TTRuntimeDemo.app */;
			productType = "com.apple.product-type.application";
		};
/* End PBXNativeTarget section */

/* Begin PBXProject section */
		42D682841E2230A900018F90 /* Project object */ = {
			isa = PBXProject;
			attributes = {
				LastUpgradeCheck = 0820;
				ORGANIZATIONNAME = zhangliangwang;
				TargetAttributes = {
					42D6828B1E2230A900018F90 = {
						CreatedOnToolsVersion = 8.2.1;
						ProvisioningStyle = Automatic;
					};
				};
			};
			buildConfigurationList = 42D682871E2230A900018F90 /* Build configuration list for PBXProject "TTRuntimeDemo" */;
			compatibilityVersion = "Xcode 3.2";
			developmentRegion = English;
			hasScannedForEncodings = 0;
			knownRegions = (
				en,
				Base,
			);
			mainGroup = 42D682831E2230A900018F90;
			productRefGroup = 42D6828D1E2230A900018F90 /* Products */;
			projectDirPath = "";
			projectRoot = "";
			targets = (
				42D6828B1E2230A900018F90 /* TTRuntimeDemo */,
			);
		};
/* End PBXProject section */

/* Begin PBXResourcesBuildPhase section */
		42D6828A1E2230A900018F90 /* Resources */ = {
			isa = PBXResourcesBuildPhase;
			buildActionMask = 2147483647;
			files = (
				42D682A21E2230A900018F90 /* LaunchScreen.storyboard in Resources */,
				42D6829F1E2230A900018F90 /* Assets.xcassets in Resources */,
				42D6829A1E2230A900018F90 /* Main.storyboard in Resources */,
			);
			runOnlyForDeploymentPostprocessing = 0;
		};
/* End PBXResourcesBuildPhase section */

/* Begin PBXSourcesBuildPhase section */
		42D682881E2230A900018F90 /* Sources */ = {
			isa = PBXSourcesBuildPhase;
			buildActionMask = 2147483647;
			files = (
				42D682AE1E2254EE00018F90 /* Son.m in Sources */,
				42D682971E2230A900018F90 /* ViewController.m in Sources */,
				42D682941E2230A900018F90 /* AppDelegate.m in Sources */,
				42D682911E2230A900018F90 /* main.m in Sources */,
				42D6829D1E2230A900018F90 /* TTRuntimeDemo.xcdatamodeld in Sources */,
				42D682AB1E22316B00018F90 /* Father.m in Sources */,
			);
			runOnlyForDeploymentPostprocessing = 0;
		};
/* End PBXSourcesBuildPhase section */

/* Begin PBXVariantGroup section */
		42D682981E2230A900018F90 /* Main.storyboard */ = {
			isa = PBXVariantGroup;
			children = (
				42D682991E2230A900018F90 /* Base */,
			);
			name = Main.storyboard;
			sourceTree = "<group>";
		};
		42D682A01E2230A900018F90 /* LaunchScreen.storyboard */ = {
			isa = PBXVariantGroup;
			children = (
				42D682A11E2230A900018F90 /* Base */,
			);
			name = LaunchScreen.storyboard;
			sourceTree = "<group>";
		};
/* End PBXVariantGroup section */

/* Begin XCBuildConfiguration section */
		42D682A41E2230A900018F90 /* Debug */ = {
			isa = XCBuildConfiguration;
			buildSettings = {
				ALWAYS_SEARCH_USER_PATHS = NO;
				CLANG_ANALYZER_NONNULL = YES;
				CLANG_CXX_LANGUAGE_STANDARD = "gnu++0x";
				CLANG_CXX_LIBRARY = "libc++";
				CLANG_ENABLE_MODULES = YES;
				CLANG_ENABLE_OBJC_ARC = YES;
				CLANG_WARN_BOOL_CONVERSION = YES;
				CLANG_WARN_CONSTANT_CONVERSION = YES;
				CLANG_WARN_DIRECT_OBJC_ISA_USAGE = YES_ERROR;
				CLANG_WARN_DOCUMENTATION_COMMENTS = YES;
				CLANG_WARN_EMPTY_BODY = YES;
				CLANG_WARN_ENUM_CONVERSION = YES;
				CLANG_WARN_INFINITE_RECURSION = YES;
				CLANG_WARN_INT_CONVERSION = YES;
				CLANG_WARN_OBJC_ROOT_CLASS = YES_ERROR;
				CLANG_WARN_SUSPICIOUS_MOVE = YES;
				CLANG_WARN_UNREACHABLE_CODE = YES;
				CLANG_WARN__DUPLICATE_METHOD_MATCH = YES;
				"CODE_SIGN_IDENTITY[sdk=iphoneos*]" = "iPhone Developer";
				COPY_PHASE_STRIP = NO;
				DEBUG_INFORMATION_FORMAT = dwarf;
				ENABLE_STRICT_OBJC_MSGSEND = YES;
				ENABLE_TESTABILITY = YES;
				GCC_C_LANGUAGE_STANDARD = gnu99;
				GCC_DYNAMIC_NO_PIC = NO;
				GCC_NO_COMMON_BLOCKS = YES;
				GCC_OPTIMIZATION_LEVEL = 0;
				GCC_PREPROCESSOR_DEFINITIONS = (
					"DEBUG=1",
					"$(inherited)",
				);
				GCC_WARN_64_TO_32_BIT_CONVERSION = YES;
				GCC_WARN_ABOUT_RETURN_TYPE = YES_ERROR;
				GCC_WARN_UNDECLARED_SELECTOR = YES;
				GCC_WARN_UNINITIALIZED_AUTOS = YES_AGGRESSIVE;
				GCC_WARN_UNUSED_FUNCTION = YES;
				GCC_WARN_UNUSED_VARIABLE = YES;
				IPHONEOS_DEPLOYMENT_TARGET = 10.2;
				MTL_ENABLE_DEBUG_INFO = YES;
				ONLY_ACTIVE_ARCH = YES;
				SDKROOT = iphoneos;
				TARGETED_DEVICE_FAMILY = "1,2";
			};
			name = Debug;
		};
		42D682A51E2230A900018F90 /* Release */ = {
			isa = XCBuildConfiguration;
			buildSettings = {
				ALWAYS_SEARCH_USER_PATHS = NO;
				CLANG_ANALYZER_NONNULL = YES;
				CLANG_CXX_LANGUAGE_STANDARD = "gnu++0x";
				CLANG_CXX_LIBRARY = "libc++";
				CLANG_ENABLE_MODULES = YES;
				CLANG_ENABLE_OBJC_ARC = YES;
				CLANG_WARN_BOOL_CONVERSION = YES;
				CLANG_WARN_CONSTANT_CONVERSION = YES;
				CLANG_WARN_DIRECT_OBJC_ISA_USAGE = YES_ERROR;
				CLANG_WARN_DOCUMENTATION_COMMENTS = YES;
				CLANG_WARN_EMPTY_BODY = YES;
				CLANG_WARN_ENUM_CONVERSION = YES;
				CLANG_WARN_INFINITE_RECURSION = YES;
				CLANG_WARN_INT_CONVERSION = YES;
				CLANG_WARN_OBJC_ROOT_CLASS = YES_ERROR;
				CLANG_WARN_SUSPICIOUS_MOVE = YES;
				CLANG_WARN_UNREACHABLE_CODE = YES;
				CLANG_WARN__DUPLICATE_METHOD_MATCH = YES;
				"CODE_SIGN_IDENTITY[sdk=iphoneos*]" = "iPhone Developer";
				COPY_PHASE_STRIP = NO;
				DEBUG_INFORMATION_FORMAT = "dwarf-with-dsym";
				ENABLE_NS_ASSERTIONS = NO;
				ENABLE_STRICT_OBJC_MSGSEND = YES;
				GCC_C_LANGUAGE_STANDARD = gnu99;
				GCC_NO_COMMON_BLOCKS = YES;
				GCC_WARN_64_TO_32_BIT_CONVERSION = YES;
				GCC_WARN_ABOUT_RETURN_TYPE = YES_ERROR;
				GCC_WARN_UNDECLARED_SELECTOR = YES;
				GCC_WARN_UNINITIALIZED_AUTOS = YES_AGGRESSIVE;
				GCC_WARN_UNUSED_FUNCTION = YES;
				GCC_WARN_UNUSED_VARIABLE = YES;
				IPHONEOS_DEPLOYMENT_TARGET = 10.2;
				MTL_ENABLE_DEBUG_INFO = NO;
				SDKROOT = iphoneos;
				TARGETED_DEVICE_FAMILY = "1,2";
				VALIDATE_PRODUCT = YES;
			};
			name = Release;
		};
		42D682A71E2230A900018F90 /* Debug */ = {
			isa = XCBuildConfiguration;
			buildSettings = {
				ASSETCATALOG_COMPILER_APPICON_NAME = AppIcon;
				INFOPLIST_FILE = TTRuntimeDemo/Info.plist;
				LD_RUNPATH_SEARCH_PATHS = "$(inherited) @executable_path/Frameworks";
				PRODUCT_BUNDLE_IDENTIFIER = com.tomtop.TTRuntimeDemo;
				PRODUCT_NAME = "$(TARGET_NAME)";
			};
			name = Debug;
		};
		42D682A81E2230A900018F90 /* Release */ = {
			isa = XCBuildConfiguration;
			buildSettings = {
				ASSETCATALOG_COMPILER_APPICON_NAME = AppIcon;
				INFOPLIST_FILE = TTRuntimeDemo/Info.plist;
				LD_RUNPATH_SEARCH_PATHS = "$(inherited) @executable_path/Frameworks";
				PRODUCT_BUNDLE_IDENTIFIER = com.tomtop.TTRuntimeDemo;
				PRODUCT_NAME = "$(TARGET_NAME)";
			};
			name = Release;
		};
/* End XCBuildConfiguration section */

/* Begin XCConfigurationList section */
		42D682871E2230A900018F90 /* Build configuration list for PBXProject "TTRuntimeDemo" */ = {
			isa = XCConfigurationList;
			buildConfigurations = (
				42D682A41E2230A900018F90 /* Debug */,
				42D682A51E2230A900018F90 /* Release */,
			);
			defaultConfigurationIsVisible = 0;
			defaultConfigurationName = Release;
		};
		42D682A61E2230A900018F90 /* Build configuration list for PBXNativeTarget "TTRuntimeDemo" */ = {
			isa = XCConfigurationList;
			buildConfigurations = (
				42D682A71E2230A900018F90 /* Debug */,
				42D682A81E2230A900018F90 /* Release */,
			);
			defaultConfigurationIsVisible = 0;
		};
/* End XCConfigurationList section */

/* Begin XCVersionGroup section */
		42D6829B1E2230A900018F90 /* TTRuntimeDemo.xcdatamodeld */ = {
			isa = XCVersionGroup;
			children = (
				42D6829C1E2230A900018F90 /* TTRuntimeDemo.xcdatamodel */,
			);
			currentVersion = 42D6829C1E2230A900018F90 /* TTRuntimeDemo.xcdatamodel */;
			path = TTRuntimeDemo.xcdatamodeld;
			sourceTree = "<group>";
			versionGroupType = wrapper.xcdatamodel;
		};
/* End XCVersionGroup section */
	};
	rootObject = 42D682841E2230A900018F90 /* Project object */;
}
